
Microsoft Visual Studio Solution File, Format Version 12.00
# Visual Studio Version 17
VisualStudioVersion = 17.0.32014.148
MinimumVisualStudioVersion = 10.0.40219.1
Project("{2150E333-8FDC-42A3-9474-1A3956D46DE8}") = "doc", "doc", "{2DEACFAD-4404-4928-9D9D-C16476A63082}"
	ProjectSection(SolutionItems) = preProject
		test.txt = test.txt
	EndProjectSection
EndProject
Project("{2150E333-8FDC-42A3-9474-1A3956D46DE8}") = "HomeWork", "HomeWork", "{31722C1A-23C4-47D2-95A6-74379B7BB86A}"
EndProject
Project("{8BC9CEB8-8B4A-11D0-8D11-00A0C91BC942}") = "00. HomeWork220112", "00. HomeWork220112\00. HomeWork220112.vcxproj", "{57EB7A06-1A8F-40FF-A8C7-8E4A2B860BBA}"
EndProject
Project("{8BC9CEB8-8B4A-11D0-8D11-00A0C91BC942}") = "01. HomeWork220113", "01. HomeWork220113\01. HomeWork220113.vcxproj", "{189879E0-3178-4D18-8FD9-00D491E67A63}"
EndProject
Project("{8BC9CEB8-8B4A-11D0-8D11-00A0C91BC942}") = "02. HomeWork220114 ToInt", "02. HomeWork220114 ToInt\02. HomeWork220114 ToInt.vcxproj", "{78E90329-1BE9-4F90-98A4-1342F9D53AEB}"
EndProject
Project("{8BC9CEB8-8B4A-11D0-8D11-00A0C91BC942}") = "03. HomeWork220114 others", "03. HomeWork220114 others\03. HomeWork220114 others.vcxproj", "{3B90579B-F67C-413A-9485-95B64A8809BC}"
EndProject
Project("{8BC9CEB8-8B4A-11D0-8D11-00A0C91BC942}") = "04. HomeWork220117", "04. HomeWork220117\04. HomeWork220117.vcxproj", "{715A1188-3757-46CF-8C64-D0860D089923}"
EndProject
Project("{8BC9CEB8-8B4A-11D0-8D11-00A0C91BC942}") = "05. HomeWork220120", "05. HomeWork220120\05. HomeWork220120.vcxproj", "{CB4A5AF1-85D4-46A6-9735-BF3F9BC67AAD}"
EndProject
Global
	GlobalSection(SolutionConfigurationPlatforms) = preSolution
		Debug|x64 = Debug|x64
		Debug|x86 = Debug|x86
		Release|x64 = Release|x64
		Release|x86 = Release|x86
	EndGlobalSection
	GlobalSection(ProjectConfigurationPlatforms) = postSolution
		{57EB7A06-1A8F-40FF-A8C7-8E4A2B860BBA}.Debug|x64.ActiveCfg = Debug|x64
		{57EB7A06-1A8F-40FF-A8C7-8E4A2B860BBA}.Debug|x64.Build.0 = Debug|x64
		{57EB7A06-1A8F-40FF-A8C7-8E4A2B860BBA}.Debug|x86.ActiveCfg = Debug|Win32
		{57EB7A06-1A8F-40FF-A8C7-8E4A2B860BBA}.Debug|x86.Build.0 = Debug|Win32
		{57EB7A06-1A8F-40FF-A8C7-8E4A2B860BBA}.Release|x64.ActiveCfg = Release|x64
		{57EB7A06-1A8F-40FF-A8C7-8E4A2B860BBA}.Release|x64.Build.0 = Release|x64
		{57EB7A06-1A8F-40FF-A8C7-8E4A2B860BBA}.Release|x86.ActiveCfg = Release|Win32
		{57EB7A06-1A8F-40FF-A8C7-8E4A2B860BBA}.Release|x86.Build.0 = Release|Win32
		{189879E0-3178-4D18-8FD9-00D491E67A63}.Debug|x64.ActiveCfg = Debug|x64
		{189879E0-3178-4D18-8FD9-00D491E67A63}.Debug|x64.Build.0 = Debug|x64
		{189879E0-3178-4D18-8FD9-00D491E67A63}.Debug|x86.ActiveCfg = Debug|Win32
		{189879E0-3178-4D18-8FD9-00D491E67A63}.Debug|x86.Build.0 = Debug|Win32
		{189879E0-3178-4D18-8FD9-00D491E67A63}.Release|x64.ActiveCfg = Release|x64
		{189879E0-3178-4D18-8FD9-00D491E67A63}.Release|x64.Build.0 = Release|x64
		{189879E0-3178-4D18-8FD9-00D491E67A63}.Release|x86.ActiveCfg = Release|Win32
		{189879E0-3178-4D18-8FD9-00D491E67A63}.Release|x86.Build.0 = Release|Win32
		{78E90329-1BE9-4F90-98A4-1342F9D53AEB}.Debug|x64.ActiveCfg = Debug|x64
		{78E90329-1BE9-4F90-98A4-1342F9D53AEB}.Debug|x64.Build.0 = Debug|x64
		{78E90329-1BE9-4F90-98A4-1342F9D53AEB}.Debug|x86.ActiveCfg = Debug|Win32
		{78E90329-1BE9-4F90-98A4-1342F9D53AEB}.Debug|x86.Build.0 = Debug|Win32
		{78E90329-1BE9-4F90-98A4-1342F9D53AEB}.Release|x64.ActiveCfg = Release|x64
		{78E90329-1BE9-4F90-98A4-1342F9D53AEB}.Release|x64.Build.0 = Release|x64
		{78E90329-1BE9-4F90-98A4-1342F9D53AEB}.Release|x86.ActiveCfg = Release|Win32
		{78E90329-1BE9-4F90-98A4-1342F9D53AEB}.Release|x86.Build.0 = Release|Win32
		{3B90579B-F67C-413A-9485-95B64A8809BC}.Debug|x64.ActiveCfg = Debug|x64
		{3B90579B-F67C-413A-9485-95B64A8809BC}.Debug|x64.Build.0 = Debug|x64
		{3B90579B-F67C-413A-9485-95B64A8809BC}.Debug|x86.ActiveCfg = Debug|Win32
		{3B90579B-F67C-413A-9485-95B64A8809BC}.Debug|x86.Build.0 = Debug|Win32
		{3B90579B-F67C-413A-9485-95B64A8809BC}.Release|x64.ActiveCfg = Release|x64
		{3B90579B-F67C-413A-9485-95B64A8809BC}.Release|x64.Build.0 = Release|x64
		{3B90579B-F67C-413A-9485-95B64A8809BC}.Release|x86.ActiveCfg = Release|Win32
		{3B90579B-F67C-413A-9485-95B64A8809BC}.Release|x86.Build.0 = Release|Win32
		{715A1188-3757-46CF-8C64-D0860D089923}.Debug|x64.ActiveCfg = Debug|x64
		{715A1188-3757-46CF-8C64-D0860D089923}.Debug|x64.Build.0 = Debug|x64
		{715A1188-3757-46CF-8C64-D0860D089923}.Debug|x86.ActiveCfg = Debug|Win32
		{715A1188-3757-46CF-8C64-D0860D089923}.Debug|x86.Build.0 = Debug|Win32
		{715A1188-3757-46CF-8C64-D0860D089923}.Release|x64.ActiveCfg = Release|x64
		{715A1188-3757-46CF-8C64-D0860D089923}.Release|x64.Build.0 = Release|x64
		{715A1188-3757-46CF-8C64-D0860D089923}.Release|x86.ActiveCfg = Release|Win32
		{715A1188-3757-46CF-8C64-D0860D089923}.Release|x86.Build.0 = Release|Win32
		{CB4A5AF1-85D4-46A6-9735-BF3F9BC67AAD}.Debug|x64.ActiveCfg = Debug|x64
		{CB4A5AF1-85D4-46A6-9735-BF3F9BC67AAD}.Debug|x64.Build.0 = Debug|x64
		{CB4A5AF1-85D4-46A6-9735-BF3F9BC67AAD}.Debug|x86.ActiveCfg = Debug|Win32
		{CB4A5AF1-85D4-46A6-9735-BF3F9BC67AAD}.Debug|x86.Build.0 = Debug|Win32
		{CB4A5AF1-85D4-46A6-9735-BF3F9BC67AAD}.Release|x64.ActiveCfg = Release|x64
		{CB4A5AF1-85D4-46A6-9735-BF3F9BC67AAD}.Release|x64.Build.0 = Release|x64
		{CB4A5AF1-85D4-46A6-9735-BF3F9BC67AAD}.Release|x86.ActiveCfg = Release|Win32
		{CB4A5AF1-85D4-46A6-9735-BF3F9BC67AAD}.Release|x86.Build.0 = Release|Win32
	EndGlobalSection
	GlobalSection(SolutionProperties) = preSolution
		HideSolutionNode = FALSE
	EndGlobalSection
	GlobalSection(NestedProjects) = preSolution
		{57EB7A06-1A8F-40FF-A8C7-8E4A2B860BBA} = {31722C1A-23C4-47D2-95A6-74379B7BB86A}
		{189879E0-3178-4D18-8FD9-00D491E67A63} = {31722C1A-23C4-47D2-95A6-74379B7BB86A}
		{78E90329-1BE9-4F90-98A4-1342F9D53AEB} = {31722C1A-23C4-47D2-95A6-74379B7BB86A}
		{3B90579B-F67C-413A-9485-95B64A8809BC} = {31722C1A-23C4-47D2-95A6-74379B7BB86A}
		{715A1188-3757-46CF-8C64-D0860D089923} = {31722C1A-23C4-47D2-95A6-74379B7BB86A}
		{CB4A5AF1-85D4-46A6-9735-BF3F9BC67AAD} = {31722C1A-23C4-47D2-95A6-74379B7BB86A}
	EndGlobalSection
	GlobalSection(ExtensibilityGlobals) = postSolution
		SolutionGuid = {A64BF35E-B18B-4687-AD84-B09027FDAC3C}
	EndGlobalSection
EndGlobal
